
Microsoft Visual Studio Solution File, Format Version 12.00
# Visual Studio Version 16
VisualStudioVersion = 16.0.29509.3
MinimumVisualStudioVersion = 10.0.40219.1
Project("{FAE04EC0-301F-11D3-BF4B-00C04F79EFBC}") = "BombermanApp", "BombermanApp.csproj", "{C943F061-2791-42B0-B289-AF3C099CCE54}"
EndProject
Global
	GlobalSection(SolutionConfigurationPlatforms) = preSolution
		Debug|Any CPU = Debug|Any CPU
		Release|Any CPU = Release|Any CPU
	EndGlobalSection
	GlobalSection(ProjectConfigurationPlatforms) = postSolution
		{C943F061-2791-42B0-B289-AF3C099CCE54}.Debug|Any CPU.ActiveCfg = Debug|Any CPU
		{C943F061-2791-42B0-B289-AF3C099CCE54}.Debug|Any CPU.Build.0 = Debug|Any CPU
		{C943F061-2791-42B0-B289-AF3C099CCE54}.Release|Any CPU.ActiveCfg = Release|Any CPU
		{C943F061-2791-42B0-B289-AF3C099CCE54}.Release|Any CPU.Build.0 = Release|Any CPU
	EndGlobalSection
	GlobalSection(SolutionProperties) = preSolution
		HideSolutionNode = FALSE
	EndGlobalSection
	GlobalSection(ExtensibilityGlobals) = postSolution
		SolutionGuid = {7437FE29-AA1B-44EA-8822-32E9F53F1D3E}
	EndGlobalSection
EndGlobal
